// !$*UTF8*$!
{
	archiveVersion = 1;
	classes = {
	};
	objectVersion = 56;
	objects = {

/* Begin PBXBuildFile section */
		6037C8BE2942B60900D08823 /* Gestures_indepthApp.swift in Sources */ = {isa = PBXBuildFile; fileRef = 6037C8BD2942B60900D08823 /* Gestures_indepthApp.swift */; };
		6037C8C02942B60900D08823 /* ContentView.swift in Sources */ = {isa = PBXBuildFile; fileRef = 6037C8BF2942B60900D08823 /* ContentView.swift */; };
		6037C8C22942B60C00D08823 /* Assets.xcassets in Resources */ = {isa = PBXBuildFile; fileRef = 6037C8C12942B60C00D08823 /* Assets.xcassets */; };
		6037C8C52942B60C00D08823 /* Preview Assets.xcassets in Resources */ = {isa = PBXBuildFile; fileRef = 6037C8C42942B60C00D08823 /* Preview Assets.xcassets */; };
		6037C8CE2942B83600D08823 /* OnTapGestureOpt.swift in Sources */ = {isa = PBXBuildFile; fileRef = 6037C8CD2942B83600D08823 /* OnTapGestureOpt.swift */; };
		6037C8D02942B89800D08823 /* DragGestureOpt.swift in Sources */ = {isa = PBXBuildFile; fileRef = 6037C8CF2942B89800D08823 /* DragGestureOpt.swift */; };
		6037C8D42942BE6000D08823 /* OnLongPressGestureOpt.swift in Sources */ = {isa = PBXBuildFile; fileRef = 6037C8D32942BE6000D08823 /* OnLongPressGestureOpt.swift */; };
		6037C8D72942C89900D08823 /* RotationGestureOpt.swift in Sources */ = {isa = PBXBuildFile; fileRef = 6037C8D62942C89900D08823 /* RotationGestureOpt.swift */; };
		6037C8D92942CBD000D08823 /* MagnificationGestureOpt.swift in Sources */ = {isa = PBXBuildFile; fileRef = 6037C8D82942CBD000D08823 /* MagnificationGestureOpt.swift */; };
		6037C8DB2942CCF500D08823 /* SequencedOpt.swift in Sources */ = {isa = PBXBuildFile; fileRef = 6037C8DA2942CCF500D08823 /* SequencedOpt.swift */; };
/* End PBXBuildFile section */

/* Begin PBXFileReference section */
		6037C8BA2942B60900D08823 /* Gestures indepth.app */ = {isa = PBXFileReference; explicitFileType = wrapper.application; includeInIndex = 0; path = "Gestures indepth.app"; sourceTree = BUILT_PRODUCTS_DIR; };
		6037C8BD2942B60900D08823 /* Gestures_indepthApp.swift */ = {isa = PBXFileReference; lastKnownFileType = sourcecode.swift; path = Gestures_indepthApp.swift; sourceTree = "<group>"; };
		6037C8BF2942B60900D08823 /* ContentView.swift */ = {isa = PBXFileReference; lastKnownFileType = sourcecode.swift; path = ContentView.swift; sourceTree = "<group>"; };
		6037C8C12942B60C00D08823 /* Assets.xcassets */ = {isa = PBXFileReference; lastKnownFileType = folder.assetcatalog; path = Assets.xcassets; sourceTree = "<group>"; };
		6037C8C42942B60C00D08823 /* Preview Assets.xcassets */ = {isa = PBXFileReference; lastKnownFileType = folder.assetcatalog; path = "Preview Assets.xcassets"; sourceTree = "<group>"; };
		6037C8CD2942B83600D08823 /* OnTapGestureOpt.swift */ = {isa = PBXFileReference; lastKnownFileType = sourcecode.swift; path = OnTapGestureOpt.swift; sourceTree = "<group>"; };
		6037C8CF2942B89800D08823 /* DragGestureOpt.swift */ = {isa = PBXFileReference; lastKnownFileType = sourcecode.swift; path = DragGestureOpt.swift; sourceTree = "<group>"; };
		6037C8D32942BE6000D08823 /* OnLongPressGestureOpt.swift */ = {isa = PBXFileReference; lastKnownFileType = sourcecode.swift; path = OnLongPressGestureOpt.swift; sourceTree = "<group>"; };
		6037C8D62942C89900D08823 /* RotationGestureOpt.swift */ = {isa = PBXFileReference; lastKnownFileType = sourcecode.swift; path = RotationGestureOpt.swift; sourceTree = "<group>"; };
		6037C8D82942CBD000D08823 /* MagnificationGestureOpt.swift */ = {isa = PBXFileReference; lastKnownFileType = sourcecode.swift; path = MagnificationGestureOpt.swift; sourceTree = "<group>"; };
		6037C8DA2942CCF500D08823 /* SequencedOpt.swift */ = {isa = PBXFileReference; lastKnownFileType = sourcecode.swift; path = SequencedOpt.swift; sourceTree = "<group>"; };
/* End PBXFileReference section */

/* Begin PBXFrameworksBuildPhase section */
		6037C8B72942B60900D08823 /* Frameworks */ = {
			isa = PBXFrameworksBuildPhase;
			buildActionMask = 2147483647;
			files = (
			);
			runOnlyForDeploymentPostprocessing = 0;
		};
/* End PBXFrameworksBuildPhase section */

/* Begin PBXGroup section */
		6037C8B12942B60900D08823 = {
			isa = PBXGroup;
			children = (
				6037C8BC2942B60900D08823 /* Gestures indepth */,
				6037C8BB2942B60900D08823 /* Products */,
			);
			sourceTree = "<group>";
		};
		6037C8BB2942B60900D08823 /* Products */ = {
			isa = PBXGroup;
			children = (
				6037C8BA2942B60900D08823 /* Gestures indepth.app */,
			);
			name = Products;
			sourceTree = "<group>";
		};
		6037C8BC2942B60900D08823 /* Gestures indepth */ = {
			isa = PBXGroup;
			children = (
				6037C8BD2942B60900D08823 /* Gestures_indepthApp.swift */,
				6037C8BF2942B60900D08823 /* ContentView.swift */,
				6037C8C12942B60C00D08823 /* Assets.xcassets */,
				6037C8D52942BE6900D08823 /* Gestures */,
				6037C8C32942B60C00D08823 /* Preview Content */,
			);
			path = "Gestures indepth";
			sourceTree = "<group>";
		};
		6037C8C32942B60C00D08823 /* Preview Content */ = {
			isa = PBXGroup;
			children = (
				6037C8C42942B60C00D08823 /* Preview Assets.xcassets */,
			);
			path = "Preview Content";
			sourceTree = "<group>";
		};
		6037C8D52942BE6900D08823 /* Gestures */ = {
			isa = PBXGroup;
			children = (
				6037C8D32942BE6000D08823 /* OnLongPressGestureOpt.swift */,
				6037C8CF2942B89800D08823 /* DragGestureOpt.swift */,
				6037C8CD2942B83600D08823 /* OnTapGestureOpt.swift */,
				6037C8D62942C89900D08823 /* RotationGestureOpt.swift */,
				6037C8D82942CBD000D08823 /* MagnificationGestureOpt.swift */,
				6037C8DA2942CCF500D08823 /* SequencedOpt.swift */,
			);
			path = Gestures;
			sourceTree = "<group>";
		};
/* End PBXGroup section */

/* Begin PBXNativeTarget section */
		6037C8B92942B60900D08823 /* Gestures indepth */ = {
			isa = PBXNativeTarget;
			buildConfigurationList = 6037C8C82942B60C00D08823 /* Build configuration list for PBXNativeTarget "Gestures indepth" */;
			buildPhases = (
				6037C8B62942B60900D08823 /* Sources */,
				6037C8B72942B60900D08823 /* Frameworks */,
				6037C8B82942B60900D08823 /* Resources */,
			);
			buildRules = (
			);
			dependencies = (
			);
			name = "Gestures indepth";
			productName = "Gestures indepth";
			productReference = 6037C8BA2942B60900D08823 /* Gestures indepth.app */;
			productType = "com.apple.product-type.application";
		};
/* End PBXNativeTarget section */

/* Begin PBXProject section */
		6037C8B22942B60900D08823 /* Project object */ = {
			isa = PBXProject;
			attributes = {
				BuildIndependentTargetsInParallel = 1;
				LastSwiftUpdateCheck = 1400;
				LastUpgradeCheck = 1400;
				TargetAttributes = {
					6037C8B92942B60900D08823 = {
						CreatedOnToolsVersion = 14.0.1;
					};
				};
			};
			buildConfigurationList = 6037C8B52942B60900D08823 /* Build configuration list for PBXProject "Gestures indepth" */;
			compatibilityVersion = "Xcode 14.0";
			developmentRegion = en;
			hasScannedForEncodings = 0;
			knownRegions = (
				en,
				Base,
			);
			mainGroup = 6037C8B12942B60900D08823;
			productRefGroup = 6037C8BB2942B60900D08823 /* Products */;
			projectDirPath = "";
			projectRoot = "";
			targets = (
				6037C8B92942B60900D08823 /* Gestures indepth */,
			);
		};
/* End PBXProject section */

/* Begin PBXResourcesBuildPhase section */
		6037C8B82942B60900D08823 /* Resources */ = {
			isa = PBXResourcesBuildPhase;
			buildActionMask = 2147483647;
			files = (
				6037C8C52942B60C00D08823 /* Preview Assets.xcassets in Resources */,
				6037C8C22942B60C00D08823 /* Assets.xcassets in Resources */,
			);
			runOnlyForDeploymentPostprocessing = 0;
		};
/* End PBXResourcesBuildPhase section */

/* Begin PBXSourcesBuildPhase section */
		6037C8B62942B60900D08823 /* Sources */ = {
			isa = PBXSourcesBuildPhase;
			buildActionMask = 2147483647;
			files = (
				6037C8C02942B60900D08823 /* ContentView.swift in Sources */,
				6037C8D92942CBD000D08823 /* MagnificationGestureOpt.swift in Sources */,
				6037C8D72942C89900D08823 /* RotationGestureOpt.swift in Sources */,
				6037C8D02942B89800D08823 /* DragGestureOpt.swift in Sources */,
				6037C8D42942BE6000D08823 /* OnLongPressGestureOpt.swift in Sources */,
				6037C8DB2942CCF500D08823 /* SequencedOpt.swift in Sources */,
				6037C8CE2942B83600D08823 /* OnTapGestureOpt.swift in Sources */,
				6037C8BE2942B60900D08823 /* Gestures_indepthApp.swift in Sources */,
			);
			runOnlyForDeploymentPostprocessing = 0;
		};
/* End PBXSourcesBuildPhase section */

/* Begin XCBuildConfiguration section */
		6037C8C62942B60C00D08823 /* Debug */ = {
			isa = XCBuildConfiguration;
			buildSettings = {
				ALWAYS_SEARCH_USER_PATHS = NO;
				CLANG_ANALYZER_NONNULL = YES;
				CLANG_ANALYZER_NUMBER_OBJECT_CONVERSION = YES_AGGRESSIVE;
				CLANG_CXX_LANGUAGE_STANDARD = "gnu++20";
				CLANG_ENABLE_MODULES = YES;
				CLANG_ENABLE_OBJC_ARC = YES;
				CLANG_ENABLE_OBJC_WEAK = YES;
				CLANG_WARN_BLOCK_CAPTURE_AUTORELEASING = YES;
				CLANG_WARN_BOOL_CONVERSION = YES;
				CLANG_WARN_COMMA = YES;
				CLANG_WARN_CONSTANT_CONVERSION = YES;
				CLANG_WARN_DEPRECATED_OBJC_IMPLEMENTATIONS = YES;
				CLANG_WARN_DIRECT_OBJC_ISA_USAGE = YES_ERROR;
				CLANG_WARN_DOCUMENTATION_COMMENTS = YES;
				CLANG_WARN_EMPTY_BODY = YES;
				CLANG_WARN_ENUM_CONVERSION = YES;
				CLANG_WARN_INFINITE_RECURSION = YES;
				CLANG_WARN_INT_CONVERSION = YES;
				CLANG_WARN_NON_LITERAL_NULL_CONVERSION = YES;
				CLANG_WARN_OBJC_IMPLICIT_RETAIN_SELF = YES;
				CLANG_WARN_OBJC_LITERAL_CONVERSION = YES;
				CLANG_WARN_OBJC_ROOT_CLASS = YES_ERROR;
				CLANG_WARN_QUOTED_INCLUDE_IN_FRAMEWORK_HEADER = YES;
				CLANG_WARN_RANGE_LOOP_ANALYSIS = YES;
				CLANG_WARN_STRICT_PROTOTYPES = YES;
				CLANG_WARN_SUSPICIOUS_MOVE = YES;
				CLANG_WARN_UNGUARDED_AVAILABILITY = YES_AGGRESSIVE;
				CLANG_WARN_UNREACHABLE_CODE = YES;
				CLANG_WARN__DUPLICATE_METHOD_MATCH = YES;
				COPY_PHASE_STRIP = NO;
				DEBUG_INFORMATION_FORMAT = dwarf;
				ENABLE_STRICT_OBJC_MSGSEND = YES;
				ENABLE_TESTABILITY = YES;
				GCC_C_LANGUAGE_STANDARD = gnu11;
				GCC_DYNAMIC_NO_PIC = NO;
				GCC_NO_COMMON_BLOCKS = YES;
				GCC_OPTIMIZATION_LEVEL = 0;
				GCC_PREPROCESSOR_DEFINITIONS = (
					"DEBUG=1",
					"$(inherited)",
				);
				GCC_WARN_64_TO_32_BIT_CONVERSION = YES;
				GCC_WARN_ABOUT_RETURN_TYPE = YES_ERROR;
				GCC_WARN_UNDECLARED_SELECTOR = YES;
				GCC_WARN_UNINITIALIZED_AUTOS = YES_AGGRESSIVE;
				GCC_WARN_UNUSED_FUNCTION = YES;
				GCC_WARN_UNUSED_VARIABLE = YES;
				IPHONEOS_DEPLOYMENT_TARGET = 16.0;
				MTL_ENABLE_DEBUG_INFO = INCLUDE_SOURCE;
				MTL_FAST_MATH = YES;
				ONLY_ACTIVE_ARCH = YES;
				SDKROOT = iphoneos;
				SWIFT_ACTIVE_COMPILATION_CONDITIONS = DEBUG;
				SWIFT_OPTIMIZATION_LEVEL = "-Onone";
			};
			name = Debug;
		};
		6037C8C72942B60C00D08823 /* Release */ = {
			isa = XCBuildConfiguration;
			buildSettings = {
				ALWAYS_SEARCH_USER_PATHS = NO;
				CLANG_ANALYZER_NONNULL = YES;
				CLANG_ANALYZER_NUMBER_OBJECT_CONVERSION = YES_AGGRESSIVE;
				CLANG_CXX_LANGUAGE_STANDARD = "gnu++20";
				CLANG_ENABLE_MODULES = YES;
				CLANG_ENABLE_OBJC_ARC = YES;
				CLANG_ENABLE_OBJC_WEAK = YES;
				CLANG_WARN_BLOCK_CAPTURE_AUTORELEASING = YES;
				CLANG_WARN_BOOL_CONVERSION = YES;
				CLANG_WARN_COMMA = YES;
				CLANG_WARN_CONSTANT_CONVERSION = YES;
				CLANG_WARN_DEPRECATED_OBJC_IMPLEMENTATIONS = YES;
				CLANG_WARN_DIRECT_OBJC_ISA_USAGE = YES_ERROR;
				CLANG_WARN_DOCUMENTATION_COMMENTS = YES;
				CLANG_WARN_EMPTY_BODY = YES;
				CLANG_WARN_ENUM_CONVERSION = YES;
				CLANG_WARN_INFINITE_RECURSION = YES;
				CLANG_WARN_INT_CONVERSION = YES;
				CLANG_WARN_NON_LITERAL_NULL_CONVERSION = YES;
				CLANG_WARN_OBJC_IMPLICIT_RETAIN_SELF = YES;
				CLANG_WARN_OBJC_LITERAL_CONVERSION = YES;
				CLANG_WARN_OBJC_ROOT_CLASS = YES_ERROR;
				CLANG_WARN_QUOTED_INCLUDE_IN_FRAMEWORK_HEADER = YES;
				CLANG_WARN_RANGE_LOOP_ANALYSIS = YES;
				CLANG_WARN_STRICT_PROTOTYPES = YES;
				CLANG_WARN_SUSPICIOUS_MOVE = YES;
				CLANG_WARN_UNGUARDED_AVAILABILITY = YES_AGGRESSIVE;
				CLANG_WARN_UNREACHABLE_CODE = YES;
				CLANG_WARN__DUPLICATE_METHOD_MATCH = YES;
				COPY_PHASE_STRIP = NO;
				DEBUG_INFORMATION_FORMAT = "dwarf-with-dsym";
				ENABLE_NS_ASSERTIONS = NO;
				ENABLE_STRICT_OBJC_MSGSEND = YES;
				GCC_C_LANGUAGE_STANDARD = gnu11;
				GCC_NO_COMMON_BLOCKS = YES;
				GCC_WARN_64_TO_32_BIT_CONVERSION = YES;
				GCC_WARN_ABOUT_RETURN_TYPE = YES_ERROR;
				GCC_WARN_UNDECLARED_SELECTOR = YES;
				GCC_WARN_UNINITIALIZED_AUTOS = YES_AGGRESSIVE;
				GCC_WARN_UNUSED_FUNCTION = YES;
				GCC_WARN_UNUSED_VARIABLE = YES;
				IPHONEOS_DEPLOYMENT_TARGET = 16.0;
				MTL_ENABLE_DEBUG_INFO = NO;
				MTL_FAST_MATH = YES;
				SDKROOT = iphoneos;
				SWIFT_COMPILATION_MODE = wholemodule;
				SWIFT_OPTIMIZATION_LEVEL = "-O";
				VALIDATE_PRODUCT = YES;
			};
			name = Release;
		};
		6037C8C92942B60C00D08823 /* Debug */ = {
			isa = XCBuildConfiguration;
			buildSettings = {
				ASSETCATALOG_COMPILER_APPICON_NAME = AppIcon;
				ASSETCATALOG_COMPILER_GLOBAL_ACCENT_COLOR_NAME = AccentColor;
				CODE_SIGN_STYLE = Automatic;
				CURRENT_PROJECT_VERSION = 1;
				DEVELOPMENT_ASSET_PATHS = "\"Gestures indepth/Preview Content\"";
				ENABLE_PREVIEWS = YES;
				GENERATE_INFOPLIST_FILE = YES;
				INFOPLIST_KEY_UIApplicationSceneManifest_Generation = YES;
				INFOPLIST_KEY_UIApplicationSupportsIndirectInputEvents = YES;
				INFOPLIST_KEY_UILaunchScreen_Generation = YES;
				INFOPLIST_KEY_UISupportedInterfaceOrientations_iPad = "UIInterfaceOrientationPortrait UIInterfaceOrientationPortraitUpsideDown UIInterfaceOrientationLandscapeLeft UIInterfaceOrientationLandscapeRight";
				INFOPLIST_KEY_UISupportedInterfaceOrientations_iPhone = "UIInterfaceOrientationPortrait UIInterfaceOrientationLandscapeLeft UIInterfaceOrientationLandscapeRight";
				LD_RUNPATH_SEARCH_PATHS = (
					"$(inherited)",
					"@executable_path/Frameworks",
				);
				MARKETING_VERSION = 1.0;
				PRODUCT_BUNDLE_IDENTIFIER = "com.matiasojeda.Gestures-indepth";
				PRODUCT_NAME = "$(TARGET_NAME)";
				SWIFT_EMIT_LOC_STRINGS = YES;
				SWIFT_VERSION = 5.0;
				TARGETED_DEVICE_FAMILY = "1,2";
			};
			name = Debug;
		};
		6037C8CA2942B60C00D08823 /* Release */ = {
			isa = XCBuildConfiguration;
			buildSettings = {
				ASSETCATALOG_COMPILER_APPICON_NAME = AppIcon;
				ASSETCATALOG_COMPILER_GLOBAL_ACCENT_COLOR_NAME = AccentColor;
				CODE_SIGN_STYLE = Automatic;
				CURRENT_PROJECT_VERSION = 1;
				DEVELOPMENT_ASSET_PATHS = "\"Gestures indepth/Preview Content\"";
				ENABLE_PREVIEWS = YES;
				GENERATE_INFOPLIST_FILE = YES;
				INFOPLIST_KEY_UIApplicationSceneManifest_Generation = YES;
				INFOPLIST_KEY_UIApplicationSupportsIndirectInputEvents = YES;
				INFOPLIST_KEY_UILaunchScreen_Generation = YES;
				INFOPLIST_KEY_UISupportedInterfaceOrientations_iPad = "UIInterfaceOrientationPortrait UIInterfaceOrientationPortraitUpsideDown UIInterfaceOrientationLandscapeLeft UIInterfaceOrientationLandscapeRight";
				INFOPLIST_KEY_UISupportedInterfaceOrientations_iPhone = "UIInterfaceOrientationPortrait UIInterfaceOrientationLandscapeLeft UIInterfaceOrientationLandscapeRight";
				LD_RUNPATH_SEARCH_PATHS = (
					"$(inherited)",
					"@executable_path/Frameworks",
				);
				MARKETING_VERSION = 1.0;
				PRODUCT_BUNDLE_IDENTIFIER = "com.matiasojeda.Gestures-indepth";
				PRODUCT_NAME = "$(TARGET_NAME)";
				SWIFT_EMIT_LOC_STRINGS = YES;
				SWIFT_VERSION = 5.0;
				TARGETED_DEVICE_FAMILY = "1,2";
			};
			name = Release;
		};
/* End XCBuildConfiguration section */

/* Begin XCConfigurationList section */
		6037C8B52942B60900D08823 /* Build configuration list for PBXProject "Gestures indepth" */ = {
			isa = XCConfigurationList;
			buildConfigurations = (
				6037C8C62942B60C00D08823 /* Debug */,
				6037C8C72942B60C00D08823 /* Release */,
			);
			defaultConfigurationIsVisible = 0;
			defaultConfigurationName = Release;
		};
		6037C8C82942B60C00D08823 /* Build configuration list for PBXNativeTarget "Gestures indepth" */ = {
			isa = XCConfigurationList;
			buildConfigurations = (
				6037C8C92942B60C00D08823 /* Debug */,
				6037C8CA2942B60C00D08823 /* Release */,
			);
			defaultConfigurationIsVisible = 0;
			defaultConfigurationName = Release;
		};
/* End XCConfigurationList section */
	};
	rootObject = 6037C8B22942B60900D08823 /* Project object */;
}
